
Microsoft Visual Studio Solution File, Format Version 12.00
# Visual Studio Version 16
VisualStudioVersion = 16.0.30114.105
MinimumVisualStudioVersion = 10.0.40219.1
Project("{9A19103F-16F7-4668-BE54-9A1E7A4F7556}") = "ShopBridge.API", "ShopBridge.API.csproj", "{875C4D10-5C92-48C9-8F25-E2654B3A3DC9}"
EndProject
Project("{9A19103F-16F7-4668-BE54-9A1E7A4F7556}") = "ShopBridge.Models", "..\ShopBridge.Models\ShopBridge.Models.csproj", "{B06F77FC-8914-44E1-A09B-8E255BA77A7F}"
EndProject
Project("{FAE04EC0-301F-11D3-BF4B-00C04F79EFBC}") = "ShoppingBridge.Tests", "..\ShoppingBridge.Tests\ShoppingBridge.Tests.csproj", "{A33CA6DF-0995-4B56-8C25-A9706E7FD403}"
EndProject
Global
	GlobalSection(SolutionConfigurationPlatforms) = preSolution
		Debug|Any CPU = Debug|Any CPU
		Release|Any CPU = Release|Any CPU
	EndGlobalSection
	GlobalSection(ProjectConfigurationPlatforms) = postSolution
		{875C4D10-5C92-48C9-8F25-E2654B3A3DC9}.Debug|Any CPU.ActiveCfg = Debug|Any CPU
		{875C4D10-5C92-48C9-8F25-E2654B3A3DC9}.Debug|Any CPU.Build.0 = Debug|Any CPU
		{875C4D10-5C92-48C9-8F25-E2654B3A3DC9}.Release|Any CPU.ActiveCfg = Release|Any CPU
		{875C4D10-5C92-48C9-8F25-E2654B3A3DC9}.Release|Any CPU.Build.0 = Release|Any CPU
		{B06F77FC-8914-44E1-A09B-8E255BA77A7F}.Debug|Any CPU.ActiveCfg = Debug|Any CPU
		{B06F77FC-8914-44E1-A09B-8E255BA77A7F}.Debug|Any CPU.Build.0 = Debug|Any CPU
		{B06F77FC-8914-44E1-A09B-8E255BA77A7F}.Release|Any CPU.ActiveCfg = Release|Any CPU
		{B06F77FC-8914-44E1-A09B-8E255BA77A7F}.Release|Any CPU.Build.0 = Release|Any CPU
		{A33CA6DF-0995-4B56-8C25-A9706E7FD403}.Debug|Any CPU.ActiveCfg = Debug|Any CPU
		{A33CA6DF-0995-4B56-8C25-A9706E7FD403}.Debug|Any CPU.Build.0 = Debug|Any CPU
		{A33CA6DF-0995-4B56-8C25-A9706E7FD403}.Release|Any CPU.ActiveCfg = Release|Any CPU
		{A33CA6DF-0995-4B56-8C25-A9706E7FD403}.Release|Any CPU.Build.0 = Release|Any CPU
	EndGlobalSection
	GlobalSection(SolutionProperties) = preSolution
		HideSolutionNode = FALSE
	EndGlobalSection
	GlobalSection(ExtensibilityGlobals) = postSolution
		SolutionGuid = {2B44150C-10B5-4003-A41F-1CB05D7D0711}
	EndGlobalSection
EndGlobal
